// !$*UTF8*$!
{
	archiveVersion = 1;
	classes = {
	};
	objectVersion = 46;
	objects = {

/* Begin PBXBuildFile section */
		479A430B1D946B350002DBFF /* AppDelegate.swift in Sources */ = {isa = PBXBuildFile; fileRef = 479A430A1D946B350002DBFF /* AppDelegate.swift */; };
		479A430D1D946B350002DBFF /* MainVC.swift in Sources */ = {isa = PBXBuildFile; fileRef = 479A430C1D946B350002DBFF /* MainVC.swift */; };
		479A43101D946B350002DBFF /* Main.storyboard in Resources */ = {isa = PBXBuildFile; fileRef = 479A430E1D946B350002DBFF /* Main.storyboard */; };
		479A43121D946B350002DBFF /* Assets.xcassets in Resources */ = {isa = PBXBuildFile; fileRef = 479A43111D946B350002DBFF /* Assets.xcassets */; };
		479A43151D946B350002DBFF /* LaunchScreen.storyboard in Resources */ = {isa = PBXBuildFile; fileRef = 479A43131D946B350002DBFF /* LaunchScreen.storyboard */; };
		47B34F7F1D9769E000F906B9 /* still time.ttf in Resources */ = {isa = PBXBuildFile; fileRef = 47B34F7E1D9769E000F906B9 /* still time.ttf */; };
		47B34F821D976BB200F906B9 /* VideoVC.swift in Sources */ = {isa = PBXBuildFile; fileRef = 47B34F811D976BB200F906B9 /* VideoVC.swift */; };
		47B34F841D99C79300F906B9 /* PartyCell.swift in Sources */ = {isa = PBXBuildFile; fileRef = 47B34F831D99C79300F906B9 /* PartyCell.swift */; };
		47B34F861D99C90D00F906B9 /* PartyRock.swift in Sources */ = {isa = PBXBuildFile; fileRef = 47B34F851D99C90D00F906B9 /* PartyRock.swift */; };
/* End PBXBuildFile section */

/* Begin PBXFileReference section */
		479A43071D946B350002DBFF /* PartyRock.app */ = {isa = PBXFileReference; explicitFileType = wrapper.application; includeInIndex = 0; path = PartyRock.app; sourceTree = BUILT_PRODUCTS_DIR; };
		479A430A1D946B350002DBFF /* AppDelegate.swift */ = {isa = PBXFileReference; lastKnownFileType = sourcecode.swift; path = AppDelegate.swift; sourceTree = "<group>"; };
		479A430C1D946B350002DBFF /* MainVC.swift */ = {isa = PBXFileReference; lastKnownFileType = sourcecode.swift; path = MainVC.swift; sourceTree = "<group>"; };
		479A430F1D946B350002DBFF /* Base */ = {isa = PBXFileReference; lastKnownFileType = file.storyboard; name = Base; path = Base.lproj/Main.storyboard; sourceTree = "<group>"; };
		479A43111D946B350002DBFF /* Assets.xcassets */ = {isa = PBXFileReference; lastKnownFileType = folder.assetcatalog; path = Assets.xcassets; sourceTree = "<group>"; };
		479A43141D946B350002DBFF /* Base */ = {isa = PBXFileReference; lastKnownFileType = file.storyboard; name = Base; path = Base.lproj/LaunchScreen.storyboard; sourceTree = "<group>"; };
		479A43161D946B350002DBFF /* Info.plist */ = {isa = PBXFileReference; lastKnownFileType = text.plist.xml; path = Info.plist; sourceTree = "<group>"; };
		47B34F7E1D9769E000F906B9 /* still time.ttf */ = {isa = PBXFileReference; lastKnownFileType = file; path = "still time.ttf"; sourceTree = "<group>"; };
		47B34F811D976BB200F906B9 /* VideoVC.swift */ = {isa = PBXFileReference; fileEncoding = 4; lastKnownFileType = sourcecode.swift; path = VideoVC.swift; sourceTree = "<group>"; };
		47B34F831D99C79300F906B9 /* PartyCell.swift */ = {isa = PBXFileReference; fileEncoding = 4; lastKnownFileType = sourcecode.swift; path = PartyCell.swift; sourceTree = "<group>"; };
		47B34F851D99C90D00F906B9 /* PartyRock.swift */ = {isa = PBXFileReference; fileEncoding = 4; lastKnownFileType = sourcecode.swift; path = PartyRock.swift; sourceTree = "<group>"; };
/* End PBXFileReference section */

/* Begin PBXFrameworksBuildPhase section */
		479A43041D946B350002DBFF /* Frameworks */ = {
			isa = PBXFrameworksBuildPhase;
			buildActionMask = 2147483647;
			files = (
			);
			runOnlyForDeploymentPostprocessing = 0;
		};
/* End PBXFrameworksBuildPhase section */

/* Begin PBXGroup section */
		479A42FE1D946B350002DBFF = {
			isa = PBXGroup;
			children = (
				479A43091D946B350002DBFF /* PartyRock */,
				479A43081D946B350002DBFF /* Products */,
			);
			sourceTree = "<group>";
		};
		479A43081D946B350002DBFF /* Products */ = {
			isa = PBXGroup;
			children = (
				479A43071D946B350002DBFF /* PartyRock.app */,
			);
			name = Products;
			sourceTree = "<group>";
		};
		479A43091D946B350002DBFF /* PartyRock */ = {
			isa = PBXGroup;
			children = (
				47B34F801D9769F400F906B9 /* Files */,
				47B34F7D1D97630300F906B9 /* Model */,
				47B34F7C1D9762ED00F906B9 /* View */,
				47B34F7B1D9762CC00F906B9 /* Controller */,
				479A430A1D946B350002DBFF /* AppDelegate.swift */,
				479A43131D946B350002DBFF /* LaunchScreen.storyboard */,
				479A430E1D946B350002DBFF /* Main.storyboard */,
				479A43111D946B350002DBFF /* Assets.xcassets */,
				479A43161D946B350002DBFF /* Info.plist */,
			);
			path = PartyRock;
			sourceTree = "<group>";
		};
		47B34F7B1D9762CC00F906B9 /* Controller */ = {
			isa = PBXGroup;
			children = (
				479A430C1D946B350002DBFF /* MainVC.swift */,
				47B34F811D976BB200F906B9 /* VideoVC.swift */,
			);
			name = Controller;
			sourceTree = "<group>";
		};
		47B34F7C1D9762ED00F906B9 /* View */ = {
			isa = PBXGroup;
			children = (
				47B34F831D99C79300F906B9 /* PartyCell.swift */,
			);
			name = View;
			sourceTree = "<group>";
		};
		47B34F7D1D97630300F906B9 /* Model */ = {
			isa = PBXGroup;
			children = (
				47B34F851D99C90D00F906B9 /* PartyRock.swift */,
			);
			name = Model;
			sourceTree = "<group>";
		};
		47B34F801D9769F400F906B9 /* Files */ = {
			isa = PBXGroup;
			children = (
				47B34F7E1D9769E000F906B9 /* still time.ttf */,
			);
			name = Files;
			sourceTree = "<group>";
		};
/* End PBXGroup section */

/* Begin PBXNativeTarget section */
		479A43061D946B350002DBFF /* PartyRock */ = {
			isa = PBXNativeTarget;
			buildConfigurationList = 479A43191D946B350002DBFF /* Build configuration list for PBXNativeTarget "PartyRock" */;
			buildPhases = (
				479A43031D946B350002DBFF /* Sources */,
				479A43041D946B350002DBFF /* Frameworks */,
				479A43051D946B350002DBFF /* Resources */,
			);
			buildRules = (
			);
			dependencies = (
			);
			name = PartyRock;
			productName = PartyRock;
			productReference = 479A43071D946B350002DBFF /* PartyRock.app */;
			productType = "com.apple.product-type.application";
		};
/* End PBXNativeTarget section */

/* Begin PBXProject section */
		479A42FF1D946B350002DBFF /* Project object */ = {
			isa = PBXProject;
			attributes = {
				LastSwiftUpdateCheck = 0800;
				LastUpgradeCheck = 0800;
				ORGANIZATIONNAME = "David Wilsby";
				TargetAttributes = {
					479A43061D946B350002DBFF = {
						CreatedOnToolsVersion = 8.0;
						ProvisioningStyle = Automatic;
					};
				};
			};
			buildConfigurationList = 479A43021D946B350002DBFF /* Build configuration list for PBXProject "PartyRock" */;
			compatibilityVersion = "Xcode 3.2";
			developmentRegion = English;
			hasScannedForEncodings = 0;
			knownRegions = (
				en,
				Base,
			);
			mainGroup = 479A42FE1D946B350002DBFF;
			productRefGroup = 479A43081D946B350002DBFF /* Products */;
			projectDirPath = "";
			projectRoot = "";
			targets = (
				479A43061D946B350002DBFF /* PartyRock */,
			);
		};
/* End PBXProject section */

/* Begin PBXResourcesBuildPhase section */
		479A43051D946B350002DBFF /* Resources */ = {
			isa = PBXResourcesBuildPhase;
			buildActionMask = 2147483647;
			files = (
				479A43151D946B350002DBFF /* LaunchScreen.storyboard in Resources */,
				47B34F7F1D9769E000F906B9 /* still time.ttf in Resources */,
				479A43121D946B350002DBFF /* Assets.xcassets in Resources */,
				479A43101D946B350002DBFF /* Main.storyboard in Resources */,
			);
			runOnlyForDeploymentPostprocessing = 0;
		};
/* End PBXResourcesBuildPhase section */

/* Begin PBXSourcesBuildPhase section */
		479A43031D946B350002DBFF /* Sources */ = {
			isa = PBXSourcesBuildPhase;
			buildActionMask = 2147483647;
			files = (
				47B34F821D976BB200F906B9 /* VideoVC.swift in Sources */,
				479A430D1D946B350002DBFF /* MainVC.swift in Sources */,
				47B34F861D99C90D00F906B9 /* PartyRock.swift in Sources */,
				47B34F841D99C79300F906B9 /* PartyCell.swift in Sources */,
				479A430B1D946B350002DBFF /* AppDelegate.swift in Sources */,
			);
			runOnlyForDeploymentPostprocessing = 0;
		};
/* End PBXSourcesBuildPhase section */

/* Begin PBXVariantGroup section */
		479A430E1D946B350002DBFF /* Main.storyboard */ = {
			isa = PBXVariantGroup;
			children = (
				479A430F1D946B350002DBFF /* Base */,
			);
			name = Main.storyboard;
			sourceTree = "<group>";
		};
		479A43131D946B350002DBFF /* LaunchScreen.storyboard */ = {
			isa = PBXVariantGroup;
			children = (
				479A43141D946B350002DBFF /* Base */,
			);
			name = LaunchScreen.storyboard;
			sourceTree = "<group>";
		};
/* End PBXVariantGroup section */

/* Begin XCBuildConfiguration section */
		479A43171D946B350002DBFF /* Debug */ = {
			isa = XCBuildConfiguration;
			buildSettings = {
				ALWAYS_SEARCH_USER_PATHS = NO;
				CLANG_ANALYZER_NONNULL = YES;
				CLANG_CXX_LANGUAGE_STANDARD = "gnu++0x";
				CLANG_CXX_LIBRARY = "libc++";
				CLANG_ENABLE_MODULES = YES;
				CLANG_ENABLE_OBJC_ARC = YES;
				CLANG_WARN_BOOL_CONVERSION = YES;
				CLANG_WARN_CONSTANT_CONVERSION = YES;
				CLANG_WARN_DIRECT_OBJC_ISA_USAGE = YES_ERROR;
				CLANG_WARN_DOCUMENTATION_COMMENTS = YES;
				CLANG_WARN_EMPTY_BODY = YES;
				CLANG_WARN_ENUM_CONVERSION = YES;
				CLANG_WARN_INFINITE_RECURSION = YES;
				CLANG_WARN_INT_CONVERSION = YES;
				CLANG_WARN_OBJC_ROOT_CLASS = YES_ERROR;
				CLANG_WARN_SUSPICIOUS_MOVES = YES;
				CLANG_WARN_UNREACHABLE_CODE = YES;
				CLANG_WARN__DUPLICATE_METHOD_MATCH = YES;
				"CODE_SIGN_IDENTITY[sdk=iphoneos*]" = "iPhone Developer";
				COPY_PHASE_STRIP = NO;
				DEBUG_INFORMATION_FORMAT = dwarf;
				ENABLE_STRICT_OBJC_MSGSEND = YES;
				ENABLE_TESTABILITY = YES;
				GCC_C_LANGUAGE_STANDARD = gnu99;
				GCC_DYNAMIC_NO_PIC = NO;
				GCC_NO_COMMON_BLOCKS = YES;
				GCC_OPTIMIZATION_LEVEL = 0;
				GCC_PREPROCESSOR_DEFINITIONS = (
					"DEBUG=1",
					"$(inherited)",
				);
				GCC_WARN_64_TO_32_BIT_CONVERSION = YES;
				GCC_WARN_ABOUT_RETURN_TYPE = YES_ERROR;
				GCC_WARN_UNDECLARED_SELECTOR = YES;
				GCC_WARN_UNINITIALIZED_AUTOS = YES_AGGRESSIVE;
				GCC_WARN_UNUSED_FUNCTION = YES;
				GCC_WARN_UNUSED_VARIABLE = YES;
				IPHONEOS_DEPLOYMENT_TARGET = 10.0;
				MTL_ENABLE_DEBUG_INFO = YES;
				ONLY_ACTIVE_ARCH = YES;
				SDKROOT = iphoneos;
				SWIFT_ACTIVE_COMPILATION_CONDITIONS = DEBUG;
				SWIFT_OPTIMIZATION_LEVEL = "-Onone";
				TARGETED_DEVICE_FAMILY = "1,2";
			};
			name = Debug;
		};
		479A43181D946B350002DBFF /* Release */ = {
			isa = XCBuildConfiguration;
			buildSettings = {
				ALWAYS_SEARCH_USER_PATHS = NO;
				CLANG_ANALYZER_NONNULL = YES;
				CLANG_CXX_LANGUAGE_STANDARD = "gnu++0x";
				CLANG_CXX_LIBRARY = "libc++";
				CLANG_ENABLE_MODULES = YES;
				CLANG_ENABLE_OBJC_ARC = YES;
				CLANG_WARN_BOOL_CONVERSION = YES;
				CLANG_WARN_CONSTANT_CONVERSION = YES;
				CLANG_WARN_DIRECT_OBJC_ISA_USAGE = YES_ERROR;
				CLANG_WARN_DOCUMENTATION_COMMENTS = YES;
				CLANG_WARN_EMPTY_BODY = YES;
				CLANG_WARN_ENUM_CONVERSION = YES;
				CLANG_WARN_INFINITE_RECURSION = YES;
				CLANG_WARN_INT_CONVERSION = YES;
				CLANG_WARN_OBJC_ROOT_CLASS = YES_ERROR;
				CLANG_WARN_SUSPICIOUS_MOVES = YES;
				CLANG_WARN_UNREACHABLE_CODE = YES;
				CLANG_WARN__DUPLICATE_METHOD_MATCH = YES;
				"CODE_SIGN_IDENTITY[sdk=iphoneos*]" = "iPhone Developer";
				COPY_PHASE_STRIP = NO;
				DEBUG_INFORMATION_FORMAT = "dwarf-with-dsym";
				ENABLE_NS_ASSERTIONS = NO;
				ENABLE_STRICT_OBJC_MSGSEND = YES;
				GCC_C_LANGUAGE_STANDARD = gnu99;
				GCC_NO_COMMON_BLOCKS = YES;
				GCC_WARN_64_TO_32_BIT_CONVERSION = YES;
				GCC_WARN_ABOUT_RETURN_TYPE = YES_ERROR;
				GCC_WARN_UNDECLARED_SELECTOR = YES;
				GCC_WARN_UNINITIALIZED_AUTOS = YES_AGGRESSIVE;
				GCC_WARN_UNUSED_FUNCTION = YES;
				GCC_WARN_UNUSED_VARIABLE = YES;
				IPHONEOS_DEPLOYMENT_TARGET = 10.0;
				MTL_ENABLE_DEBUG_INFO = NO;
				SDKROOT = iphoneos;
				SWIFT_OPTIMIZATION_LEVEL = "-Owholemodule";
				TARGETED_DEVICE_FAMILY = "1,2";
				VALIDATE_PRODUCT = YES;
			};
			name = Release;
		};
		479A431A1D946B350002DBFF /* Debug */ = {
			isa = XCBuildConfiguration;
			buildSettings = {
				ASSETCATALOG_COMPILER_APPICON_NAME = AppIcon;
				INFOPLIST_FILE = PartyRock/Info.plist;
				LD_RUNPATH_SEARCH_PATHS = "$(inherited) @executable_path/Frameworks";
				PRODUCT_BUNDLE_IDENTIFIER = com.davidwilsby.PartyRock;
				PRODUCT_NAME = "$(TARGET_NAME)";
				SWIFT_VERSION = 3.0;
			};
			name = Debug;
		};
		479A431B1D946B350002DBFF /* Release */ = {
			isa = XCBuildConfiguration;
			buildSettings = {
				ASSETCATALOG_COMPILER_APPICON_NAME = AppIcon;
				INFOPLIST_FILE = PartyRock/Info.plist;
				LD_RUNPATH_SEARCH_PATHS = "$(inherited) @executable_path/Frameworks";
				PRODUCT_BUNDLE_IDENTIFIER = com.davidwilsby.PartyRock;
				PRODUCT_NAME = "$(TARGET_NAME)";
				SWIFT_VERSION = 3.0;
			};
			name = Release;
		};
/* End XCBuildConfiguration section */

/* Begin XCConfigurationList section */
		479A43021D946B350002DBFF /* Build configuration list for PBXProject "PartyRock" */ = {
			isa = XCConfigurationList;
			buildConfigurations = (
				479A43171D946B350002DBFF /* Debug */,
				479A43181D946B350002DBFF /* Release */,
			);
			defaultConfigurationIsVisible = 0;
			defaultConfigurationName = Release;
		};
		479A43191D946B350002DBFF /* Build configuration list for PBXNativeTarget "PartyRock" */ = {
			isa = XCConfigurationList;
			buildConfigurations = (
				479A431A1D946B350002DBFF /* Debug */,
				479A431B1D946B350002DBFF /* Release */,
			);
			defaultConfigurationIsVisible = 0;
			defaultConfigurationName = Release;
		};
/* End XCConfigurationList section */
	};
	rootObject = 479A42FF1D946B350002DBFF /* Project object */;
}
